# THIS IS AN AUTOGENERATED FILE. DO NOT EDIT THIS FILE DIRECTLY.
# yarn lockfile v1


cross-domain-safe-weakmap@^1.0.1:
  version "1.0.10"
  resolved "https://registry.yarnpkg.com/cross-domain-safe-weakmap/-/cross-domain-safe-weakmap-1.0.10.tgz#f4ff3ce7a37eb3463b16d2df12b0831bac6c6a37"

cross-domain-utils@^1.0.1:
  version "1.0.9"
  resolved "https://registry.yarnpkg.com/cross-domain-utils/-/cross-domain-utils-1.0.9.tgz#8d812bae241410d54c7ab3a59d620fdabd72a80b"

jquery@^3.2.1:
  version "3.2.1"
  resolved "https://registry.yarnpkg.com/jquery/-/jquery-3.2.1.tgz#5c4d9de652af6cd0a770154a631bba12b015c787"

post-robot@^7.0.2:
  version "7.0.2"
  resolved "https://registry.yarnpkg.com/post-robot/-/post-robot-7.0.2.tgz#dd21fafea1fcbfafa22b9d6f608101ce602be622"
  dependencies:
    cross-domain-safe-weakmap "^1.0.1"
    cross-domain-utils "^1.0.1"
    zalgo-promise "^1.0.3"

urijs@^1.18.10:
  version "1.18.10"
  resolved "https://registry.yarnpkg.com/urijs/-/urijs-1.18.10.tgz#b94463eaba59a1a796036a467bb633c667f221ab"

zalgo-promise@^1.0.3:
  version "1.0.10"
  resolved "https://registry.yarnpkg.com/zalgo-promise/-/zalgo-promise-1.0.10.tgz#c54fcd8b2d57e3dd9e198174e41c50aab130f5f3"
